// !$*UTF8*$!
{
	archiveVersion = 1;
	classes = {
	};
	objectVersion = 56;
	objects = {

/* Begin PBXBuildFile section */
		02FFC3A12A9E485600453D36 /* AppDelegate.swift in Sources */ = {isa = PBXBuildFile; fileRef = 02FFC3A02A9E485600453D36 /* AppDelegate.swift */; };
		02FFC3A32A9E485600453D36 /* SceneDelegate.swift in Sources */ = {isa = PBXBuildFile; fileRef = 02FFC3A22A9E485600453D36 /* SceneDelegate.swift */; };
		02FFC3A52A9E485600453D36 /* ViewController.swift in Sources */ = {isa = PBXBuildFile; fileRef = 02FFC3A42A9E485600453D36 /* ViewController.swift */; };
		02FFC3A82A9E485600453D36 /* Main.storyboard in Resources */ = {isa = PBXBuildFile; fileRef = 02FFC3A62A9E485600453D36 /* Main.storyboard */; };
		02FFC3AA2A9E485700453D36 /* Assets.xcassets in Resources */ = {isa = PBXBuildFile; fileRef = 02FFC3A92A9E485700453D36 /* Assets.xcassets */; };
		02FFC3AD2A9E485700453D36 /* LaunchScreen.storyboard in Resources */ = {isa = PBXBuildFile; fileRef = 02FFC3AB2A9E485700453D36 /* LaunchScreen.storyboard */; };
		02FFC3B82A9E485700453D36 /* UI_BuilderTests.swift in Sources */ = {isa = PBXBuildFile; fileRef = 02FFC3B72A9E485700453D36 /* UI_BuilderTests.swift */; };
		02FFC3C22A9E485700453D36 /* UI_BuilderUITests.swift in Sources */ = {isa = PBXBuildFile; fileRef = 02FFC3C12A9E485700453D36 /* UI_BuilderUITests.swift */; };
		02FFC3C42A9E485700453D36 /* UI_BuilderUITestsLaunchTests.swift in Sources */ = {isa = PBXBuildFile; fileRef = 02FFC3C32A9E485700453D36 /* UI_BuilderUITestsLaunchTests.swift */; };
/* End PBXBuildFile section */

/* Begin PBXContainerItemProxy section */
		02FFC3B42A9E485700453D36 /* PBXContainerItemProxy */ = {
			isa = PBXContainerItemProxy;
			containerPortal = 02FFC3952A9E485600453D36 /* Project object */;
			proxyType = 1;
			remoteGlobalIDString = 02FFC39C2A9E485600453D36;
			remoteInfo = UI_Builder;
		};
		02FFC3BE2A9E485700453D36 /* PBXContainerItemProxy */ = {
			isa = PBXContainerItemProxy;
			containerPortal = 02FFC3952A9E485600453D36 /* Project object */;
			proxyType = 1;
			remoteGlobalIDString = 02FFC39C2A9E485600453D36;
			remoteInfo = UI_Builder;
		};
/* End PBXContainerItemProxy section */

/* Begin PBXFileReference section */
		02FFC39D2A9E485600453D36 /* UI_Builder.app */ = {isa = PBXFileReference; explicitFileType = wrapper.application; includeInIndex = 0; path = UI_Builder.app; sourceTree = BUILT_PRODUCTS_DIR; };
		02FFC3A02A9E485600453D36 /* AppDelegate.swift */ = {isa = PBXFileReference; lastKnownFileType = sourcecode.swift; path = AppDelegate.swift; sourceTree = "<group>"; };
		02FFC3A22A9E485600453D36 /* SceneDelegate.swift */ = {isa = PBXFileReference; lastKnownFileType = sourcecode.swift; path = SceneDelegate.swift; sourceTree = "<group>"; };
		02FFC3A42A9E485600453D36 /* ViewController.swift */ = {isa = PBXFileReference; lastKnownFileType = sourcecode.swift; path = ViewController.swift; sourceTree = "<group>"; };
		02FFC3A72A9E485600453D36 /* Base */ = {isa = PBXFileReference; lastKnownFileType = file.storyboard; name = Base; path = Base.lproj/Main.storyboard; sourceTree = "<group>"; };
		02FFC3A92A9E485700453D36 /* Assets.xcassets */ = {isa = PBXFileReference; lastKnownFileType = folder.assetcatalog; path = Assets.xcassets; sourceTree = "<group>"; };
		02FFC3AC2A9E485700453D36 /* Base */ = {isa = PBXFileReference; lastKnownFileType = file.storyboard; name = Base; path = Base.lproj/LaunchScreen.storyboard; sourceTree = "<group>"; };
		02FFC3AE2A9E485700453D36 /* Info.plist */ = {isa = PBXFileReference; lastKnownFileType = text.plist.xml; path = Info.plist; sourceTree = "<group>"; };
		02FFC3B32A9E485700453D36 /* UI_BuilderTests.xctest */ = {isa = PBXFileReference; explicitFileType = wrapper.cfbundle; includeInIndex = 0; path = UI_BuilderTests.xctest; sourceTree = BUILT_PRODUCTS_DIR; };
		02FFC3B72A9E485700453D36 /* UI_BuilderTests.swift */ = {isa = PBXFileReference; lastKnownFileType = sourcecode.swift; path = UI_BuilderTests.swift; sourceTree = "<group>"; };
		02FFC3BD2A9E485700453D36 /* UI_BuilderUITests.xctest */ = {isa = PBXFileReference; explicitFileType = wrapper.cfbundle; includeInIndex = 0; path = UI_BuilderUITests.xctest; sourceTree = BUILT_PRODUCTS_DIR; };
		02FFC3C12A9E485700453D36 /* UI_BuilderUITests.swift */ = {isa = PBXFileReference; lastKnownFileType = sourcecode.swift; path = UI_BuilderUITests.swift; sourceTree = "<group>"; };
		02FFC3C32A9E485700453D36 /* UI_BuilderUITestsLaunchTests.swift */ = {isa = PBXFileReference; lastKnownFileType = sourcecode.swift; path = UI_BuilderUITestsLaunchTests.swift; sourceTree = "<group>"; };
/* End PBXFileReference section */

/* Begin PBXFrameworksBuildPhase section */
		02FFC39A2A9E485600453D36 /* Frameworks */ = {
			isa = PBXFrameworksBuildPhase;
			buildActionMask = 2147483647;
			files = (
			);
			runOnlyForDeploymentPostprocessing = 0;
		};
		02FFC3B02A9E485700453D36 /* Frameworks */ = {
			isa = PBXFrameworksBuildPhase;
			buildActionMask = 2147483647;
			files = (
			);
			runOnlyForDeploymentPostprocessing = 0;
		};
		02FFC3BA2A9E485700453D36 /* Frameworks */ = {
			isa = PBXFrameworksBuildPhase;
			buildActionMask = 2147483647;
			files = (
			);
			runOnlyForDeploymentPostprocessing = 0;
		};
/* End PBXFrameworksBuildPhase section */

/* Begin PBXGroup section */
		02FFC3942A9E485600453D36 = {
			isa = PBXGroup;
			children = (
				02FFC39F2A9E485600453D36 /* UI_Builder */,
				02FFC3B62A9E485700453D36 /* UI_BuilderTests */,
				02FFC3C02A9E485700453D36 /* UI_BuilderUITests */,
				02FFC39E2A9E485600453D36 /* Products */,
			);
			sourceTree = "<group>";
		};
		02FFC39E2A9E485600453D36 /* Products */ = {
			isa = PBXGroup;
			children = (
				02FFC39D2A9E485600453D36 /* UI_Builder.app */,
				02FFC3B32A9E485700453D36 /* UI_BuilderTests.xctest */,
				02FFC3BD2A9E485700453D36 /* UI_BuilderUITests.xctest */,
			);
			name = Products;
			sourceTree = "<group>";
		};
		02FFC39F2A9E485600453D36 /* UI_Builder */ = {
			isa = PBXGroup;
			children = (
				02FFC3A02A9E485600453D36 /* AppDelegate.swift */,
				02FFC3A22A9E485600453D36 /* SceneDelegate.swift */,
				02FFC3A42A9E485600453D36 /* ViewController.swift */,
				02FFC3A62A9E485600453D36 /* Main.storyboard */,
				02FFC3A92A9E485700453D36 /* Assets.xcassets */,
				02FFC3AB2A9E485700453D36 /* LaunchScreen.storyboard */,
				02FFC3AE2A9E485700453D36 /* Info.plist */,
			);
			path = UI_Builder;
			sourceTree = "<group>";
		};
		02FFC3B62A9E485700453D36 /* UI_BuilderTests */ = {
			isa = PBXGroup;
			children = (
				02FFC3B72A9E485700453D36 /* UI_BuilderTests.swift */,
			);
			path = UI_BuilderTests;
			sourceTree = "<group>";
		};
		02FFC3C02A9E485700453D36 /* UI_BuilderUITests */ = {
			isa = PBXGroup;
			children = (
				02FFC3C12A9E485700453D36 /* UI_BuilderUITests.swift */,
				02FFC3C32A9E485700453D36 /* UI_BuilderUITestsLaunchTests.swift */,
			);
			path = UI_BuilderUITests;
			sourceTree = "<group>";
		};
/* End PBXGroup section */

/* Begin PBXNativeTarget section */
		02FFC39C2A9E485600453D36 /* UI_Builder */ = {
			isa = PBXNativeTarget;
			buildConfigurationList = 02FFC3C72A9E485700453D36 /* Build configuration list for PBXNativeTarget "UI_Builder" */;
			buildPhases = (
				02FFC3992A9E485600453D36 /* Sources */,
				02FFC39A2A9E485600453D36 /* Frameworks */,
				02FFC39B2A9E485600453D36 /* Resources */,
			);
			buildRules = (
			);
			dependencies = (
			);
			name = UI_Builder;
			productName = UI_Builder;
			productReference = 02FFC39D2A9E485600453D36 /* UI_Builder.app */;
			productType = "com.apple.product-type.application";
		};
		02FFC3B22A9E485700453D36 /* UI_BuilderTests */ = {
			isa = PBXNativeTarget;
			buildConfigurationList = 02FFC3CA2A9E485700453D36 /* Build configuration list for PBXNativeTarget "UI_BuilderTests" */;
			buildPhases = (
				02FFC3AF2A9E485700453D36 /* Sources */,
				02FFC3B02A9E485700453D36 /* Frameworks */,
				02FFC3B12A9E485700453D36 /* Resources */,
			);
			buildRules = (
			);
			dependencies = (
				02FFC3B52A9E485700453D36 /* PBXTargetDependency */,
			);
			name = UI_BuilderTests;
			productName = UI_BuilderTests;
			productReference = 02FFC3B32A9E485700453D36 /* UI_BuilderTests.xctest */;
			productType = "com.apple.product-type.bundle.unit-test";
		};
		02FFC3BC2A9E485700453D36 /* UI_BuilderUITests */ = {
			isa = PBXNativeTarget;
			buildConfigurationList = 02FFC3CD2A9E485700453D36 /* Build configuration list for PBXNativeTarget "UI_BuilderUITests" */;
			buildPhases = (
				02FFC3B92A9E485700453D36 /* Sources */,
				02FFC3BA2A9E485700453D36 /* Frameworks */,
				02FFC3BB2A9E485700453D36 /* Resources */,
			);
			buildRules = (
			);
			dependencies = (
				02FFC3BF2A9E485700453D36 /* PBXTargetDependency */,
			);
			name = UI_BuilderUITests;
			productName = UI_BuilderUITests;
			productReference = 02FFC3BD2A9E485700453D36 /* UI_BuilderUITests.xctest */;
			productType = "com.apple.product-type.bundle.ui-testing";
		};
/* End PBXNativeTarget section */

/* Begin PBXProject section */
		02FFC3952A9E485600453D36 /* Project object */ = {
			isa = PBXProject;
			attributes = {
				BuildIndependentTargetsInParallel = 1;
				LastSwiftUpdateCheck = 1430;
				LastUpgradeCheck = 1430;
				TargetAttributes = {
					02FFC39C2A9E485600453D36 = {
						CreatedOnToolsVersion = 14.3.1;
					};
					02FFC3B22A9E485700453D36 = {
						CreatedOnToolsVersion = 14.3.1;
						TestTargetID = 02FFC39C2A9E485600453D36;
					};
					02FFC3BC2A9E485700453D36 = {
						CreatedOnToolsVersion = 14.3.1;
						TestTargetID = 02FFC39C2A9E485600453D36;
					};
				};
			};
			buildConfigurationList = 02FFC3982A9E485600453D36 /* Build configuration list for PBXProject "UI_Builder" */;
			compatibilityVersion = "Xcode 14.0";
			developmentRegion = en;
			hasScannedForEncodings = 0;
			knownRegions = (
				en,
				Base,
			);
			mainGroup = 02FFC3942A9E485600453D36;
			productRefGroup = 02FFC39E2A9E485600453D36 /* Products */;
			projectDirPath = "";
			projectRoot = "";
			targets = (
				02FFC39C2A9E485600453D36 /* UI_Builder */,
				02FFC3B22A9E485700453D36 /* UI_BuilderTests */,
				02FFC3BC2A9E485700453D36 /* UI_BuilderUITests */,
			);
		};
/* End PBXProject section */

/* Begin PBXResourcesBuildPhase section */
		02FFC39B2A9E485600453D36 /* Resources */ = {
			isa = PBXResourcesBuildPhase;
			buildActionMask = 2147483647;
			files = (
				02FFC3AD2A9E485700453D36 /* LaunchScreen.storyboard in Resources */,
				02FFC3AA2A9E485700453D36 /* Assets.xcassets in Resources */,
				02FFC3A82A9E485600453D36 /* Main.storyboard in Resources */,
			);
			runOnlyForDeploymentPostprocessing = 0;
		};
		02FFC3B12A9E485700453D36 /* Resources */ = {
			isa = PBXResourcesBuildPhase;
			buildActionMask = 2147483647;
			files = (
			);
			runOnlyForDeploymentPostprocessing = 0;
		};
		02FFC3BB2A9E485700453D36 /* Resources */ = {
			isa = PBXResourcesBuildPhase;
			buildActionMask = 2147483647;
			files = (
			);
			runOnlyForDeploymentPostprocessing = 0;
		};
/* End PBXResourcesBuildPhase section */

/* Begin PBXSourcesBuildPhase section */
		02FFC3992A9E485600453D36 /* Sources */ = {
			isa = PBXSourcesBuildPhase;
			buildActionMask = 2147483647;
			files = (
				02FFC3A52A9E485600453D36 /* ViewController.swift in Sources */,
				02FFC3A12A9E485600453D36 /* AppDelegate.swift in Sources */,
				02FFC3A32A9E485600453D36 /* SceneDelegate.swift in Sources */,
			);
			runOnlyForDeploymentPostprocessing = 0;
		};
		02FFC3AF2A9E485700453D36 /* Sources */ = {
			isa = PBXSourcesBuildPhase;
			buildActionMask = 2147483647;
			files = (
				02FFC3B82A9E485700453D36 /* UI_BuilderTests.swift in Sources */,
			);
			runOnlyForDeploymentPostprocessing = 0;
		};
		02FFC3B92A9E485700453D36 /* Sources */ = {
			isa = PBXSourcesBuildPhase;
			buildActionMask = 2147483647;
			files = (
				02FFC3C42A9E485700453D36 /* UI_BuilderUITestsLaunchTests.swift in Sources */,
				02FFC3C22A9E485700453D36 /* UI_BuilderUITests.swift in Sources */,
			);
			runOnlyForDeploymentPostprocessing = 0;
		};
/* End PBXSourcesBuildPhase section */

/* Begin PBXTargetDependency section */
		02FFC3B52A9E485700453D36 /* PBXTargetDependency */ = {
			isa = PBXTargetDependency;
			target = 02FFC39C2A9E485600453D36 /* UI_Builder */;
			targetProxy = 02FFC3B42A9E485700453D36 /* PBXContainerItemProxy */;
		};
		02FFC3BF2A9E485700453D36 /* PBXTargetDependency */ = {
			isa = PBXTargetDependency;
			target = 02FFC39C2A9E485600453D36 /* UI_Builder */;
			targetProxy = 02FFC3BE2A9E485700453D36 /* PBXContainerItemProxy */;
		};
/* End PBXTargetDependency section */

/* Begin PBXVariantGroup section */
		02FFC3A62A9E485600453D36 /* Main.storyboard */ = {
			isa = PBXVariantGroup;
			children = (
				02FFC3A72A9E485600453D36 /* Base */,
			);
			name = Main.storyboard;
			sourceTree = "<group>";
		};
		02FFC3AB2A9E485700453D36 /* LaunchScreen.storyboard */ = {
			isa = PBXVariantGroup;
			children = (
				02FFC3AC2A9E485700453D36 /* Base */,
			);
			name = LaunchScreen.storyboard;
			sourceTree = "<group>";
		};
/* End PBXVariantGroup section */

/* Begin XCBuildConfiguration section */
		02FFC3C52A9E485700453D36 /* Debug */ = {
			isa = XCBuildConfiguration;
			buildSettings = {
				ALWAYS_SEARCH_USER_PATHS = NO;
				CLANG_ANALYZER_NONNULL = YES;
				CLANG_ANALYZER_NUMBER_OBJECT_CONVERSION = YES_AGGRESSIVE;
				CLANG_CXX_LANGUAGE_STANDARD = "gnu++20";
				CLANG_ENABLE_MODULES = YES;
				CLANG_ENABLE_OBJC_ARC = YES;
				CLANG_ENABLE_OBJC_WEAK = YES;
				CLANG_WARN_BLOCK_CAPTURE_AUTORELEASING = YES;
				CLANG_WARN_BOOL_CONVERSION = YES;
				CLANG_WARN_COMMA = YES;
				CLANG_WARN_CONSTANT_CONVERSION = YES;
				CLANG_WARN_DEPRECATED_OBJC_IMPLEMENTATIONS = YES;
				CLANG_WARN_DIRECT_OBJC_ISA_USAGE = YES_ERROR;
				CLANG_WARN_DOCUMENTATION_COMMENTS = YES;
				CLANG_WARN_EMPTY_BODY = YES;
				CLANG_WARN_ENUM_CONVERSION = YES;
				CLANG_WARN_INFINITE_RECURSION = YES;
				CLANG_WARN_INT_CONVERSION = YES;
				CLANG_WARN_NON_LITERAL_NULL_CONVERSION = YES;
				CLANG_WARN_OBJC_IMPLICIT_RETAIN_SELF = YES;
				CLANG_WARN_OBJC_LITERAL_CONVERSION = YES;
				CLANG_WARN_OBJC_ROOT_CLASS = YES_ERROR;
				CLANG_WARN_QUOTED_INCLUDE_IN_FRAMEWORK_HEADER = YES;
				CLANG_WARN_RANGE_LOOP_ANALYSIS = YES;
				CLANG_WARN_STRICT_PROTOTYPES = YES;
				CLANG_WARN_SUSPICIOUS_MOVE = YES;
				CLANG_WARN_UNGUARDED_AVAILABILITY = YES_AGGRESSIVE;
				CLANG_WARN_UNREACHABLE_CODE = YES;
				CLANG_WARN__DUPLICATE_METHOD_MATCH = YES;
				COPY_PHASE_STRIP = NO;
				DEBUG_INFORMATION_FORMAT = dwarf;
				ENABLE_STRICT_OBJC_MSGSEND = YES;
				ENABLE_TESTABILITY = YES;
				GCC_C_LANGUAGE_STANDARD = gnu11;
				GCC_DYNAMIC_NO_PIC = NO;
				GCC_NO_COMMON_BLOCKS = YES;
				GCC_OPTIMIZATION_LEVEL = 0;
				GCC_PREPROCESSOR_DEFINITIONS = (
					"DEBUG=1",
					"$(inherited)",
				);
				GCC_WARN_64_TO_32_BIT_CONVERSION = YES;
				GCC_WARN_ABOUT_RETURN_TYPE = YES_ERROR;
				GCC_WARN_UNDECLARED_SELECTOR = YES;
				GCC_WARN_UNINITIALIZED_AUTOS = YES_AGGRESSIVE;
				GCC_WARN_UNUSED_FUNCTION = YES;
				GCC_WARN_UNUSED_VARIABLE = YES;
				IPHONEOS_DEPLOYMENT_TARGET = 16.4;
				MTL_ENABLE_DEBUG_INFO = INCLUDE_SOURCE;
				MTL_FAST_MATH = YES;
				ONLY_ACTIVE_ARCH = YES;
				SDKROOT = iphoneos;
				SWIFT_ACTIVE_COMPILATION_CONDITIONS = DEBUG;
				SWIFT_OPTIMIZATION_LEVEL = "-Onone";
			};
			name = Debug;
		};
		02FFC3C62A9E485700453D36 /* Release */ = {
			isa = XCBuildConfiguration;
			buildSettings = {
				ALWAYS_SEARCH_USER_PATHS = NO;
				CLANG_ANALYZER_NONNULL = YES;
				CLANG_ANALYZER_NUMBER_OBJECT_CONVERSION = YES_AGGRESSIVE;
				CLANG_CXX_LANGUAGE_STANDARD = "gnu++20";
				CLANG_ENABLE_MODULES = YES;
				CLANG_ENABLE_OBJC_ARC = YES;
				CLANG_ENABLE_OBJC_WEAK = YES;
				CLANG_WARN_BLOCK_CAPTURE_AUTORELEASING = YES;
				CLANG_WARN_BOOL_CONVERSION = YES;
				CLANG_WARN_COMMA = YES;
				CLANG_WARN_CONSTANT_CONVERSION = YES;
				CLANG_WARN_DEPRECATED_OBJC_IMPLEMENTATIONS = YES;
				CLANG_WARN_DIRECT_OBJC_ISA_USAGE = YES_ERROR;
				CLANG_WARN_DOCUMENTATION_COMMENTS = YES;
				CLANG_WARN_EMPTY_BODY = YES;
				CLANG_WARN_ENUM_CONVERSION = YES;
				CLANG_WARN_INFINITE_RECURSION = YES;
				CLANG_WARN_INT_CONVERSION = YES;
				CLANG_WARN_NON_LITERAL_NULL_CONVERSION = YES;
				CLANG_WARN_OBJC_IMPLICIT_RETAIN_SELF = YES;
				CLANG_WARN_OBJC_LITERAL_CONVERSION = YES;
				CLANG_WARN_OBJC_ROOT_CLASS = YES_ERROR;
				CLANG_WARN_QUOTED_INCLUDE_IN_FRAMEWORK_HEADER = YES;
				CLANG_WARN_RANGE_LOOP_ANALYSIS = YES;
				CLANG_WARN_STRICT_PROTOTYPES = YES;
				CLANG_WARN_SUSPICIOUS_MOVE = YES;
				CLANG_WARN_UNGUARDED_AVAILABILITY = YES_AGGRESSIVE;
				CLANG_WARN_UNREACHABLE_CODE = YES;
				CLANG_WARN__DUPLICATE_METHOD_MATCH = YES;
				COPY_PHASE_STRIP = NO;
				DEBUG_INFORMATION_FORMAT = "dwarf-with-dsym";
				ENABLE_NS_ASSERTIONS = NO;
				ENABLE_STRICT_OBJC_MSGSEND = YES;
				GCC_C_LANGUAGE_STANDARD = gnu11;
				GCC_NO_COMMON_BLOCKS = YES;
				GCC_WARN_64_TO_32_BIT_CONVERSION = YES;
				GCC_WARN_ABOUT_RETURN_TYPE = YES_ERROR;
				GCC_WARN_UNDECLARED_SELECTOR = YES;
				GCC_WARN_UNINITIALIZED_AUTOS = YES_AGGRESSIVE;
				GCC_WARN_UNUSED_FUNCTION = YES;
				GCC_WARN_UNUSED_VARIABLE = YES;
				IPHONEOS_DEPLOYMENT_TARGET = 16.4;
				MTL_ENABLE_DEBUG_INFO = NO;
				MTL_FAST_MATH = YES;
				SDKROOT = iphoneos;
				SWIFT_COMPILATION_MODE = wholemodule;
				SWIFT_OPTIMIZATION_LEVEL = "-O";
				VALIDATE_PRODUCT = YES;
			};
			name = Release;
		};
		02FFC3C82A9E485700453D36 /* Debug */ = {
			isa = XCBuildConfiguration;
			buildSettings = {
				ASSETCATALOG_COMPILER_APPICON_NAME = AppIcon;
				ASSETCATALOG_COMPILER_GLOBAL_ACCENT_COLOR_NAME = AccentColor;
				CODE_SIGN_STYLE = Automatic;
				CURRENT_PROJECT_VERSION = 1;
				DEVELOPMENT_TEAM = 4MNKZ842TC;
				GENERATE_INFOPLIST_FILE = YES;
				INFOPLIST_FILE = UI_Builder/Info.plist;
				INFOPLIST_KEY_UIApplicationSupportsIndirectInputEvents = YES;
				INFOPLIST_KEY_UILaunchStoryboardName = LaunchScreen;
				INFOPLIST_KEY_UIMainStoryboardFile = Main;
				INFOPLIST_KEY_UISupportedInterfaceOrientations_iPad = "UIInterfaceOrientationPortrait UIInterfaceOrientationPortraitUpsideDown UIInterfaceOrientationLandscapeLeft UIInterfaceOrientationLandscapeRight";
				INFOPLIST_KEY_UISupportedInterfaceOrientations_iPhone = "UIInterfaceOrientationPortrait UIInterfaceOrientationLandscapeLeft UIInterfaceOrientationLandscapeRight";
				LD_RUNPATH_SEARCH_PATHS = (
					"$(inherited)",
					"@executable_path/Frameworks",
				);
				MARKETING_VERSION = 1.0;
				PRODUCT_BUNDLE_IDENTIFIER = "school.UI-Builder";
				PRODUCT_NAME = "$(TARGET_NAME)";
				SWIFT_EMIT_LOC_STRINGS = YES;
				SWIFT_VERSION = 5.0;
				TARGETED_DEVICE_FAMILY = "1,2";
			};
			name = Debug;
		};
		02FFC3C92A9E485700453D36 /* Release */ = {
			isa = XCBuildConfiguration;
			buildSettings = {
				ASSETCATALOG_COMPILER_APPICON_NAME = AppIcon;
				ASSETCATALOG_COMPILER_GLOBAL_ACCENT_COLOR_NAME = AccentColor;
				CODE_SIGN_STYLE = Automatic;
				CURRENT_PROJECT_VERSION = 1;
				DEVELOPMENT_TEAM = 4MNKZ842TC;
				GENERATE_INFOPLIST_FILE = YES;
				INFOPLIST_FILE = UI_Builder/Info.plist;
				INFOPLIST_KEY_UIApplicationSupportsIndirectInputEvents = YES;
				INFOPLIST_KEY_UILaunchStoryboardName = LaunchScreen;
				INFOPLIST_KEY_UIMainStoryboardFile = Main;
				INFOPLIST_KEY_UISupportedInterfaceOrientations_iPad = "UIInterfaceOrientationPortrait UIInterfaceOrientationPortraitUpsideDown UIInterfaceOrientationLandscapeLeft UIInterfaceOrientationLandscapeRight";
				INFOPLIST_KEY_UISupportedInterfaceOrientations_iPhone = "UIInterfaceOrientationPortrait UIInterfaceOrientationLandscapeLeft UIInterfaceOrientationLandscapeRight";
				LD_RUNPATH_SEARCH_PATHS = (
					"$(inherited)",
					"@executable_path/Frameworks",
				);
				MARKETING_VERSION = 1.0;
				PRODUCT_BUNDLE_IDENTIFIER = "school.UI-Builder";
				PRODUCT_NAME = "$(TARGET_NAME)";
				SWIFT_EMIT_LOC_STRINGS = YES;
				SWIFT_VERSION = 5.0;
				TARGETED_DEVICE_FAMILY = "1,2";
			};
			name = Release;
		};
		02FFC3CB2A9E485700453D36 /* Debug */ = {
			isa = XCBuildConfiguration;
			buildSettings = {
				ALWAYS_EMBED_SWIFT_STANDARD_LIBRARIES = YES;
				BUNDLE_LOADER = "$(TEST_HOST)";
				CODE_SIGN_STYLE = Automatic;
				CURRENT_PROJECT_VERSION = 1;
				DEVELOPMENT_TEAM = 4MNKZ842TC;
				GENERATE_INFOPLIST_FILE = YES;
				IPHONEOS_DEPLOYMENT_TARGET = 16.4;
				MARKETING_VERSION = 1.0;
				PRODUCT_BUNDLE_IDENTIFIER = "school.UI-BuilderTests";
				PRODUCT_NAME = "$(TARGET_NAME)";
				SWIFT_EMIT_LOC_STRINGS = NO;
				SWIFT_VERSION = 5.0;
				TARGETED_DEVICE_FAMILY = "1,2";
				TEST_HOST = "$(BUILT_PRODUCTS_DIR)/UI_Builder.app/$(BUNDLE_EXECUTABLE_FOLDER_PATH)/UI_Builder";
			};
			name = Debug;
		};
		02FFC3CC2A9E485700453D36 /* Release */ = {
			isa = XCBuildConfiguration;
			buildSettings = {
				ALWAYS_EMBED_SWIFT_STANDARD_LIBRARIES = YES;
				BUNDLE_LOADER = "$(TEST_HOST)";
				CODE_SIGN_STYLE = Automatic;
				CURRENT_PROJECT_VERSION = 1;
				DEVELOPMENT_TEAM = 4MNKZ842TC;
				GENERATE_INFOPLIST_FILE = YES;
				IPHONEOS_DEPLOYMENT_TARGET = 16.4;
				MARKETING_VERSION = 1.0;
				PRODUCT_BUNDLE_IDENTIFIER = "school.UI-BuilderTests";
				PRODUCT_NAME = "$(TARGET_NAME)";
				SWIFT_EMIT_LOC_STRINGS = NO;
				SWIFT_VERSION = 5.0;
				TARGETED_DEVICE_FAMILY = "1,2";
				TEST_HOST = "$(BUILT_PRODUCTS_DIR)/UI_Builder.app/$(BUNDLE_EXECUTABLE_FOLDER_PATH)/UI_Builder";
			};
			name = Release;
		};
		02FFC3CE2A9E485700453D36 /* Debug */ = {
			isa = XCBuildConfiguration;
			buildSettings = {
				ALWAYS_EMBED_SWIFT_STANDARD_LIBRARIES = YES;
				CODE_SIGN_STYLE = Automatic;
				CURRENT_PROJECT_VERSION = 1;
				DEVELOPMENT_TEAM = 4MNKZ842TC;
				GENERATE_INFOPLIST_FILE = YES;
				MARKETING_VERSION = 1.0;
				PRODUCT_BUNDLE_IDENTIFIER = "school.UI-BuilderUITests";
				PRODUCT_NAME = "$(TARGET_NAME)";
				SWIFT_EMIT_LOC_STRINGS = NO;
				SWIFT_VERSION = 5.0;
				TARGETED_DEVICE_FAMILY = "1,2";
				TEST_TARGET_NAME = UI_Builder;
			};
			name = Debug;
		};
		02FFC3CF2A9E485700453D36 /* Release */ = {
			isa = XCBuildConfiguration;
			buildSettings = {
				ALWAYS_EMBED_SWIFT_STANDARD_LIBRARIES = YES;
				CODE_SIGN_STYLE = Automatic;
				CURRENT_PROJECT_VERSION = 1;
				DEVELOPMENT_TEAM = 4MNKZ842TC;
				GENERATE_INFOPLIST_FILE = YES;
				MARKETING_VERSION = 1.0;
				PRODUCT_BUNDLE_IDENTIFIER = "school.UI-BuilderUITests";
				PRODUCT_NAME = "$(TARGET_NAME)";
				SWIFT_EMIT_LOC_STRINGS = NO;
				SWIFT_VERSION = 5.0;
				TARGETED_DEVICE_FAMILY = "1,2";
				TEST_TARGET_NAME = UI_Builder;
			};
			name = Release;
		};
/* End XCBuildConfiguration section */

/* Begin XCConfigurationList section */
		02FFC3982A9E485600453D36 /* Build configuration list for PBXProject "UI_Builder" */ = {
			isa = XCConfigurationList;
			buildConfigurations = (
				02FFC3C52A9E485700453D36 /* Debug */,
				02FFC3C62A9E485700453D36 /* Release */,
			);
			defaultConfigurationIsVisible = 0;
			defaultConfigurationName = Release;
		};
		02FFC3C72A9E485700453D36 /* Build configuration list for PBXNativeTarget "UI_Builder" */ = {
			isa = XCConfigurationList;
			buildConfigurations = (
				02FFC3C82A9E485700453D36 /* Debug */,
				02FFC3C92A9E485700453D36 /* Release */,
			);
			defaultConfigurationIsVisible = 0;
			defaultConfigurationName = Release;
		};
		02FFC3CA2A9E485700453D36 /* Build configuration list for PBXNativeTarget "UI_BuilderTests" */ = {
			isa = XCConfigurationList;
			buildConfigurations = (
				02FFC3CB2A9E485700453D36 /* Debug */,
				02FFC3CC2A9E485700453D36 /* Release */,
			);
			defaultConfigurationIsVisible = 0;
			defaultConfigurationName = Release;
		};
		02FFC3CD2A9E485700453D36 /* Build configuration list for PBXNativeTarget "UI_BuilderUITests" */ = {
			isa = XCConfigurationList;
			buildConfigurations = (
				02FFC3CE2A9E485700453D36 /* Debug */,
				02FFC3CF2A9E485700453D36 /* Release */,
			);
			defaultConfigurationIsVisible = 0;
			defaultConfigurationName = Release;
		};
/* End XCConfigurationList section */
	};
	rootObject = 02FFC3952A9E485600453D36 /* Project object */;
}
